
Microsoft Visual Studio Solution File, Format Version 12.00
# Visual Studio 15
Project("{FAE04EC0-301F-11D3-BF4B-00C04F79EFBC}") = "Assembly-CSharp", "Assembly-CSharp.csproj", "{BEE56EC2-1AAD-3824-ECB4-C987590B2993}"
EndProject
Project("{FAE04EC0-301F-11D3-BF4B-00C04F79EFBC}") = "Assembly-CSharp-Editor", "Assembly-CSharp-Editor.csproj", "{9B3102BE-37BC-5973-CCC4-BB00C1632550}"
EndProject
Global
	GlobalSection(SolutionConfigurationPlatforms) = preSolution
		Debug|Any CPU = Debug|Any CPU
		Release|Any CPU = Release|Any CPU
	EndGlobalSection
	GlobalSection(ProjectConfigurationPlatforms) = postSolution
		{BEE56EC2-1AAD-3824-ECB4-C987590B2993}.Debug|Any CPU.ActiveCfg = Debug|Any CPU
		{BEE56EC2-1AAD-3824-ECB4-C987590B2993}.Debug|Any CPU.Build.0 = Debug|Any CPU
		{BEE56EC2-1AAD-3824-ECB4-C987590B2993}.Release|Any CPU.ActiveCfg = Release|Any CPU
		{BEE56EC2-1AAD-3824-ECB4-C987590B2993}.Release|Any CPU.Build.0 = Release|Any CPU
		{9B3102BE-37BC-5973-CCC4-BB00C1632550}.Debug|Any CPU.ActiveCfg = Debug|Any CPU
		{9B3102BE-37BC-5973-CCC4-BB00C1632550}.Debug|Any CPU.Build.0 = Debug|Any CPU
		{9B3102BE-37BC-5973-CCC4-BB00C1632550}.Release|Any CPU.ActiveCfg = Release|Any CPU
		{9B3102BE-37BC-5973-CCC4-BB00C1632550}.Release|Any CPU.Build.0 = Release|Any CPU
	EndGlobalSection
	GlobalSection(SolutionProperties) = preSolution
		HideSolutionNode = FALSE
	EndGlobalSection
EndGlobal
